
Microsoft Visual Studio Solution File, Format Version 12.00
# Visual Studio Version 17
VisualStudioVersion = 17.8.34309.116
MinimumVisualStudioVersion = 10.0.40219.1
Project("{888888A0-9F3D-457C-B088-3A5042F75D52}") = "PythonBracketMaker", "PythonBracketMaker.pyproj", "{6C737F28-FE20-416F-B250-164CF3BDA5E3}"
EndProject
Global
	GlobalSection(SolutionConfigurationPlatforms) = preSolution
		Debug|Any CPU = Debug|Any CPU
		Release|Any CPU = Release|Any CPU
		Test|Any CPU = Test|Any CPU
	EndGlobalSection
	GlobalSection(ProjectConfigurationPlatforms) = postSolution
		{6C737F28-FE20-416F-B250-164CF3BDA5E3}.Debug|Any CPU.ActiveCfg = Debug|Any CPU
		{6C737F28-FE20-416F-B250-164CF3BDA5E3}.Release|Any CPU.ActiveCfg = Release|Any CPU
		{6C737F28-FE20-416F-B250-164CF3BDA5E3}.Test|Any CPU.ActiveCfg = Test|Any CPU
	EndGlobalSection
	GlobalSection(SolutionProperties) = preSolution
		HideSolutionNode = FALSE
	EndGlobalSection
	GlobalSection(ExtensibilityGlobals) = postSolution
		SolutionGuid = {12F354A1-A90D-42F8-A207-A48DCBA1DA7E}
	EndGlobalSection
EndGlobal
